
Microsoft Visual Studio Solution File, Format Version 12.00
# Visual Studio 15
VisualStudioVersion = 15.0.26124.0
MinimumVisualStudioVersion = 15.0.26124.0
Project("{FAE04EC0-301F-11D3-BF4B-00C04F79EFBC}") = "API", "API\API.csproj", "{F903B348-EFCF-4781-8005-CD0B06C49E39}"
EndProject
Project("{FAE04EC0-301F-11D3-BF4B-00C04F79EFBC}") = "Application", "Application\Application.csproj", "{B501198A-943B-459C-9A62-97A491824179}"
EndProject
Project("{FAE04EC0-301F-11D3-BF4B-00C04F79EFBC}") = "Domain", "Domain\Domain.csproj", "{E47F2227-864D-4D4F-BC92-BAB6E19DAFD9}"
EndProject
Project("{FAE04EC0-301F-11D3-BF4B-00C04F79EFBC}") = "Infrastructure", "Infrastructure\Infrastructure.csproj", "{6507192B-71DD-49DB-BF12-74DCFE89DDCA}"
EndProject
Global
	GlobalSection(SolutionConfigurationPlatforms) = preSolution
		Debug|Any CPU = Debug|Any CPU
		Debug|x64 = Debug|x64
		Debug|x86 = Debug|x86
		Release|Any CPU = Release|Any CPU
		Release|x64 = Release|x64
		Release|x86 = Release|x86
	EndGlobalSection
	GlobalSection(SolutionProperties) = preSolution
		HideSolutionNode = FALSE
	EndGlobalSection
	GlobalSection(ProjectConfigurationPlatforms) = postSolution
		{F903B348-EFCF-4781-8005-CD0B06C49E39}.Debug|Any CPU.ActiveCfg = Debug|Any CPU
		{F903B348-EFCF-4781-8005-CD0B06C49E39}.Debug|Any CPU.Build.0 = Debug|Any CPU
		{F903B348-EFCF-4781-8005-CD0B06C49E39}.Debug|x64.ActiveCfg = Debug|Any CPU
		{F903B348-EFCF-4781-8005-CD0B06C49E39}.Debug|x64.Build.0 = Debug|Any CPU
		{F903B348-EFCF-4781-8005-CD0B06C49E39}.Debug|x86.ActiveCfg = Debug|Any CPU
		{F903B348-EFCF-4781-8005-CD0B06C49E39}.Debug|x86.Build.0 = Debug|Any CPU
		{F903B348-EFCF-4781-8005-CD0B06C49E39}.Release|Any CPU.ActiveCfg = Release|Any CPU
		{F903B348-EFCF-4781-8005-CD0B06C49E39}.Release|Any CPU.Build.0 = Release|Any CPU
		{F903B348-EFCF-4781-8005-CD0B06C49E39}.Release|x64.ActiveCfg = Release|Any CPU
		{F903B348-EFCF-4781-8005-CD0B06C49E39}.Release|x64.Build.0 = Release|Any CPU
		{F903B348-EFCF-4781-8005-CD0B06C49E39}.Release|x86.ActiveCfg = Release|Any CPU
		{F903B348-EFCF-4781-8005-CD0B06C49E39}.Release|x86.Build.0 = Release|Any CPU
		{B501198A-943B-459C-9A62-97A491824179}.Debug|Any CPU.ActiveCfg = Debug|Any CPU
		{B501198A-943B-459C-9A62-97A491824179}.Debug|Any CPU.Build.0 = Debug|Any CPU
		{B501198A-943B-459C-9A62-97A491824179}.Debug|x64.ActiveCfg = Debug|Any CPU
		{B501198A-943B-459C-9A62-97A491824179}.Debug|x64.Build.0 = Debug|Any CPU
		{B501198A-943B-459C-9A62-97A491824179}.Debug|x86.ActiveCfg = Debug|Any CPU
		{B501198A-943B-459C-9A62-97A491824179}.Debug|x86.Build.0 = Debug|Any CPU
		{B501198A-943B-459C-9A62-97A491824179}.Release|Any CPU.ActiveCfg = Release|Any CPU
		{B501198A-943B-459C-9A62-97A491824179}.Release|Any CPU.Build.0 = Release|Any CPU
		{B501198A-943B-459C-9A62-97A491824179}.Release|x64.ActiveCfg = Release|Any CPU
		{B501198A-943B-459C-9A62-97A491824179}.Release|x64.Build.0 = Release|Any CPU
		{B501198A-943B-459C-9A62-97A491824179}.Release|x86.ActiveCfg = Release|Any CPU
		{B501198A-943B-459C-9A62-97A491824179}.Release|x86.Build.0 = Release|Any CPU
		{E47F2227-864D-4D4F-BC92-BAB6E19DAFD9}.Debug|Any CPU.ActiveCfg = Debug|Any CPU
		{E47F2227-864D-4D4F-BC92-BAB6E19DAFD9}.Debug|Any CPU.Build.0 = Debug|Any CPU
		{E47F2227-864D-4D4F-BC92-BAB6E19DAFD9}.Debug|x64.ActiveCfg = Debug|Any CPU
		{E47F2227-864D-4D4F-BC92-BAB6E19DAFD9}.Debug|x64.Build.0 = Debug|Any CPU
		{E47F2227-864D-4D4F-BC92-BAB6E19DAFD9}.Debug|x86.ActiveCfg = Debug|Any CPU
		{E47F2227-864D-4D4F-BC92-BAB6E19DAFD9}.Debug|x86.Build.0 = Debug|Any CPU
		{E47F2227-864D-4D4F-BC92-BAB6E19DAFD9}.Release|Any CPU.ActiveCfg = Release|Any CPU
		{E47F2227-864D-4D4F-BC92-BAB6E19DAFD9}.Release|Any CPU.Build.0 = Release|Any CPU
		{E47F2227-864D-4D4F-BC92-BAB6E19DAFD9}.Release|x64.ActiveCfg = Release|Any CPU
		{E47F2227-864D-4D4F-BC92-BAB6E19DAFD9}.Release|x64.Build.0 = Release|Any CPU
		{E47F2227-864D-4D4F-BC92-BAB6E19DAFD9}.Release|x86.ActiveCfg = Release|Any CPU
		{E47F2227-864D-4D4F-BC92-BAB6E19DAFD9}.Release|x86.Build.0 = Release|Any CPU
		{6507192B-71DD-49DB-BF12-74DCFE89DDCA}.Debug|Any CPU.ActiveCfg = Debug|Any CPU
		{6507192B-71DD-49DB-BF12-74DCFE89DDCA}.Debug|Any CPU.Build.0 = Debug|Any CPU
		{6507192B-71DD-49DB-BF12-74DCFE89DDCA}.Debug|x64.ActiveCfg = Debug|Any CPU
		{6507192B-71DD-49DB-BF12-74DCFE89DDCA}.Debug|x64.Build.0 = Debug|Any CPU
		{6507192B-71DD-49DB-BF12-74DCFE89DDCA}.Debug|x86.ActiveCfg = Debug|Any CPU
		{6507192B-71DD-49DB-BF12-74DCFE89DDCA}.Debug|x86.Build.0 = Debug|Any CPU
		{6507192B-71DD-49DB-BF12-74DCFE89DDCA}.Release|Any CPU.ActiveCfg = Release|Any CPU
		{6507192B-71DD-49DB-BF12-74DCFE89DDCA}.Release|Any CPU.Build.0 = Release|Any CPU
		{6507192B-71DD-49DB-BF12-74DCFE89DDCA}.Release|x64.ActiveCfg = Release|Any CPU
		{6507192B-71DD-49DB-BF12-74DCFE89DDCA}.Release|x64.Build.0 = Release|Any CPU
		{6507192B-71DD-49DB-BF12-74DCFE89DDCA}.Release|x86.ActiveCfg = Release|Any CPU
		{6507192B-71DD-49DB-BF12-74DCFE89DDCA}.Release|x86.Build.0 = Release|Any CPU
	EndGlobalSection
EndGlobal
